
Microsoft Visual Studio Solution File, Format Version 12.00
# Visual Studio Version 16
VisualStudioVersion = 16.0.31025.194
MinimumVisualStudioVersion = 10.0.40219.1
Project("{9A19103F-16F7-4668-BE54-9A1E7A4F7556}") = "BookListRazor", "BookListRazor\BookListRazor.csproj", "{446287D2-83F9-4F5C-9F44-27E1875F7F68}"
EndProject
Global
	GlobalSection(SolutionConfigurationPlatforms) = preSolution
		Debug|Any CPU = Debug|Any CPU
		Release|Any CPU = Release|Any CPU
	EndGlobalSection
	GlobalSection(ProjectConfigurationPlatforms) = postSolution
		{446287D2-83F9-4F5C-9F44-27E1875F7F68}.Debug|Any CPU.ActiveCfg = Debug|Any CPU
		{446287D2-83F9-4F5C-9F44-27E1875F7F68}.Debug|Any CPU.Build.0 = Debug|Any CPU
		{446287D2-83F9-4F5C-9F44-27E1875F7F68}.Release|Any CPU.ActiveCfg = Release|Any CPU
		{446287D2-83F9-4F5C-9F44-27E1875F7F68}.Release|Any CPU.Build.0 = Release|Any CPU
	EndGlobalSection
	GlobalSection(SolutionProperties) = preSolution
		HideSolutionNode = FALSE
	EndGlobalSection
	GlobalSection(ExtensibilityGlobals) = postSolution
		SolutionGuid = {20085850-2C68-417F-A302-CF0DEECDBC0C}
	EndGlobalSection
EndGlobal
